
Microsoft Visual Studio Solution File, Format Version 12.00
# Visual Studio Version 17
VisualStudioVersion = 17.3.32929.385
MinimumVisualStudioVersion = 10.0.40219.1
Project("{9A19103F-16F7-4668-BE54-9A1E7A4F7556}") = "BMO.Api", "BMO.Api\BMO.Api.csproj", "{A7097486-9676-4F2B-98CE-A73EA6014A7B}"
EndProject
Project("{2150E333-8FDC-42A3-9474-1A3956D46DE8}") = "Solution Items", "Solution Items", "{D8ED5CDA-2CBC-4B5A-A47E-C695BCF5B2C3}"
	ProjectSection(SolutionItems) = preProject
		.editorconfig = .editorconfig
	EndProjectSection
EndProject
Project("{FAE04EC0-301F-11D3-BF4B-00C04F79EFBC}") = "BMO.Tests", "BMO.Tests\BMO.Tests.csproj", "{83D403AD-F1DE-4337-AB10-259D38E1527F}"
	ProjectSection(ProjectDependencies) = postProject
		{A7097486-9676-4F2B-98CE-A73EA6014A7B} = {A7097486-9676-4F2B-98CE-A73EA6014A7B}
	EndProjectSection
EndProject
Global
	GlobalSection(SolutionConfigurationPlatforms) = preSolution
		Debug|Any CPU = Debug|Any CPU
		Release|Any CPU = Release|Any CPU
	EndGlobalSection
	GlobalSection(ProjectConfigurationPlatforms) = postSolution
		{A7097486-9676-4F2B-98CE-A73EA6014A7B}.Debug|Any CPU.ActiveCfg = Debug|Any CPU
		{A7097486-9676-4F2B-98CE-A73EA6014A7B}.Debug|Any CPU.Build.0 = Debug|Any CPU
		{A7097486-9676-4F2B-98CE-A73EA6014A7B}.Release|Any CPU.ActiveCfg = Release|Any CPU
		{A7097486-9676-4F2B-98CE-A73EA6014A7B}.Release|Any CPU.Build.0 = Release|Any CPU
		{83D403AD-F1DE-4337-AB10-259D38E1527F}.Debug|Any CPU.ActiveCfg = Debug|Any CPU
		{83D403AD-F1DE-4337-AB10-259D38E1527F}.Debug|Any CPU.Build.0 = Debug|Any CPU
		{83D403AD-F1DE-4337-AB10-259D38E1527F}.Release|Any CPU.ActiveCfg = Release|Any CPU
		{83D403AD-F1DE-4337-AB10-259D38E1527F}.Release|Any CPU.Build.0 = Release|Any CPU
	EndGlobalSection
	GlobalSection(SolutionProperties) = preSolution
		HideSolutionNode = FALSE
	EndGlobalSection
	GlobalSection(ExtensibilityGlobals) = postSolution
		SolutionGuid = {9C58147F-143E-4ED6-B23E-E9F01FCC845F}
	EndGlobalSection
EndGlobal
